
Microsoft Visual Studio Solution File, Format Version 12.00
# Visual Studio 15
Project("{FAE04EC0-301F-11D3-BF4B-00C04F79EFBC}") = "FlashcardApplication.Console", "FlashcardApplication.Console/FlashcardApplication.Console.csproj", "{9566F2AE-889E-4902-8096-FDEB14009E0A}"
EndProject
Project("{FAE04EC0-301F-11D3-BF4B-00C04F79EFBC}") = "FlashcardApplicaiton.Integration", "FlashcardApplication.Integration\FlashcardApplication.Integration.csproj", "{2493C226-3DE9-4E20-9DCB-DBE0203E9AC3}"
EndProject
Project("{FAE04EC0-301F-11D3-BF4B-00C04F79EFBC}") = "FlashcardApplication.Tests", "FlashcardApplication.Tests\FlashcardApplication.Tests.csproj", "{4D6D85B4-0A2C-4D43-B921-FFB29D98F2DC}"
EndProject
Global
	GlobalSection(SolutionConfigurationPlatforms) = preSolution
		Debug|Any CPU = Debug|Any CPU
		Release|Any CPU = Release|Any CPU
	EndGlobalSection
	GlobalSection(ProjectConfigurationPlatforms) = postSolution
		{9566F2AE-889E-4902-8096-FDEB14009E0A}.Debug|Any CPU.ActiveCfg = Debug|Any CPU
		{9566F2AE-889E-4902-8096-FDEB14009E0A}.Debug|Any CPU.Build.0 = Debug|Any CPU
		{9566F2AE-889E-4902-8096-FDEB14009E0A}.Release|Any CPU.ActiveCfg = Release|Any CPU
		{9566F2AE-889E-4902-8096-FDEB14009E0A}.Release|Any CPU.Build.0 = Release|Any CPU
		{2493C226-3DE9-4E20-9DCB-DBE0203E9AC3}.Debug|Any CPU.ActiveCfg = Debug|Any CPU
		{2493C226-3DE9-4E20-9DCB-DBE0203E9AC3}.Debug|Any CPU.Build.0 = Debug|Any CPU
		{2493C226-3DE9-4E20-9DCB-DBE0203E9AC3}.Release|Any CPU.ActiveCfg = Release|Any CPU
		{2493C226-3DE9-4E20-9DCB-DBE0203E9AC3}.Release|Any CPU.Build.0 = Release|Any CPU
		{4D6D85B4-0A2C-4D43-B921-FFB29D98F2DC}.Debug|Any CPU.ActiveCfg = Debug|Any CPU
		{4D6D85B4-0A2C-4D43-B921-FFB29D98F2DC}.Debug|Any CPU.Build.0 = Debug|Any CPU
		{4D6D85B4-0A2C-4D43-B921-FFB29D98F2DC}.Release|Any CPU.ActiveCfg = Release|Any CPU
		{4D6D85B4-0A2C-4D43-B921-FFB29D98F2DC}.Release|Any CPU.Build.0 = Release|Any CPU
	EndGlobalSection
EndGlobal
